
Microsoft Visual Studio Solution File, Format Version 12.00
# Visual Studio 14
VisualStudioVersion = 14.0.21901.1
MinimumVisualStudioVersion = 10.0.40219.1
Project("{8BB2217D-0F2D-49D1-97BC-3654ED321F3B}") = "DemoMVC13Sep14", "DemoMVC13Sep14\DemoMVC13Sep14.kproj", "{A8488886-F79F-45B5-9096-8DF226704737}"
EndProject
Global
	GlobalSection(SolutionConfigurationPlatforms) = preSolution
		Debug|Any CPU = Debug|Any CPU
		Release|Any CPU = Release|Any CPU
	EndGlobalSection
	GlobalSection(ProjectConfigurationPlatforms) = postSolution
		{A8488886-F79F-45B5-9096-8DF226704737}.Debug|Any CPU.ActiveCfg = Debug|Any CPU
		{A8488886-F79F-45B5-9096-8DF226704737}.Debug|Any CPU.Build.0 = Debug|Any CPU
		{A8488886-F79F-45B5-9096-8DF226704737}.Release|Any CPU.ActiveCfg = Release|Any CPU
		{A8488886-F79F-45B5-9096-8DF226704737}.Release|Any CPU.Build.0 = Release|Any CPU
	EndGlobalSection
	GlobalSection(SolutionProperties) = preSolution
		HideSolutionNode = FALSE
	EndGlobalSection
EndGlobal
